
Microsoft Visual Studio Solution File, Format Version 12.00
# Visual Studio Version 16
VisualStudioVersion = 16.0.28803.352
MinimumVisualStudioVersion = 10.0.40219.1
Project("{FAE04EC0-301F-11D3-BF4B-00C04F79EFBC}") = "Flatmatez.Android", "Flatmatez\Flatmatez.Android\Flatmatez.Android.csproj", "{F8FF91F7-C4B1-473B-BE05-E3637685EC2C}"
EndProject
Project("{FAE04EC0-301F-11D3-BF4B-00C04F79EFBC}") = "Flatmatez.iOS", "Flatmatez\Flatmatez.iOS\Flatmatez.iOS.csproj", "{BD7A3942-4D7E-4AE6-A13E-9AD192FA4F1B}"
EndProject
Project("{9A19103F-16F7-4668-BE54-9A1E7A4F7556}") = "Flatmatez", "Flatmatez\Flatmatez\Flatmatez.csproj", "{83C91053-3769-43F8-B04B-3E4D5586261A}"
EndProject
Project("{9A19103F-16F7-4668-BE54-9A1E7A4F7556}") = "Flatmatez.Common", "Flatmatez.Common\Flatmatez.Common.csproj", "{66DD3315-C598-4373-B2F4-2AD2F3F4BCAE}"
EndProject
Project("{9A19103F-16F7-4668-BE54-9A1E7A4F7556}") = "Flatmatez.Backend", "Flatmatez.Backend\Flatmatez.Backend.csproj", "{9347CA02-8054-4D6D-A0F1-7EE760E7A02B}"
EndProject
Project("{FAE04EC0-301F-11D3-BF4B-00C04F79EFBC}") = "Flatmatez.IntegrationTests", "Flatmatez.IntegrationTests\Flatmatez.IntegrationTests.csproj", "{7CAB9D6F-0C20-4EF6-8718-1567287435B4}"
EndProject
Project("{FAE04EC0-301F-11D3-BF4B-00C04F79EFBC}") = "Flatmatez.UnitTests", "Flatmatez.UnitTests\Flatmatez.UnitTests.csproj", "{F230DEFE-CDE9-4045-9CD7-21DC1D70BA91}"
EndProject
Global
	GlobalSection(SolutionConfigurationPlatforms) = preSolution
		Debug|Any CPU = Debug|Any CPU
		Debug|ARM = Debug|ARM
		Debug|iPhone = Debug|iPhone
		Debug|iPhoneSimulator = Debug|iPhoneSimulator
		Debug|x64 = Debug|x64
		Debug|x86 = Debug|x86
		Release|Any CPU = Release|Any CPU
		Release|ARM = Release|ARM
		Release|iPhone = Release|iPhone
		Release|iPhoneSimulator = Release|iPhoneSimulator
		Release|x64 = Release|x64
		Release|x86 = Release|x86
	EndGlobalSection
	GlobalSection(ProjectConfigurationPlatforms) = postSolution
		{F8FF91F7-C4B1-473B-BE05-E3637685EC2C}.Debug|Any CPU.ActiveCfg = Debug|Any CPU
		{F8FF91F7-C4B1-473B-BE05-E3637685EC2C}.Debug|Any CPU.Build.0 = Debug|Any CPU
		{F8FF91F7-C4B1-473B-BE05-E3637685EC2C}.Debug|Any CPU.Deploy.0 = Debug|Any CPU
		{F8FF91F7-C4B1-473B-BE05-E3637685EC2C}.Debug|ARM.ActiveCfg = Debug|Any CPU
		{F8FF91F7-C4B1-473B-BE05-E3637685EC2C}.Debug|ARM.Build.0 = Debug|Any CPU
		{F8FF91F7-C4B1-473B-BE05-E3637685EC2C}.Debug|ARM.Deploy.0 = Debug|Any CPU
		{F8FF91F7-C4B1-473B-BE05-E3637685EC2C}.Debug|iPhone.ActiveCfg = Debug|Any CPU
		{F8FF91F7-C4B1-473B-BE05-E3637685EC2C}.Debug|iPhone.Build.0 = Debug|Any CPU
		{F8FF91F7-C4B1-473B-BE05-E3637685EC2C}.Debug|iPhone.Deploy.0 = Debug|Any CPU
		{F8FF91F7-C4B1-473B-BE05-E3637685EC2C}.Debug|iPhoneSimulator.ActiveCfg = Debug|Any CPU
		{F8FF91F7-C4B1-473B-BE05-E3637685EC2C}.Debug|iPhoneSimulator.Build.0 = Debug|Any CPU
		{F8FF91F7-C4B1-473B-BE05-E3637685EC2C}.Debug|iPhoneSimulator.Deploy.0 = Debug|Any CPU
		{F8FF91F7-C4B1-473B-BE05-E3637685EC2C}.Debug|x64.ActiveCfg = Debug|Any CPU
		{F8FF91F7-C4B1-473B-BE05-E3637685EC2C}.Debug|x64.Build.0 = Debug|Any CPU
		{F8FF91F7-C4B1-473B-BE05-E3637685EC2C}.Debug|x64.Deploy.0 = Debug|Any CPU
		{F8FF91F7-C4B1-473B-BE05-E3637685EC2C}.Debug|x86.ActiveCfg = Debug|Any CPU
		{F8FF91F7-C4B1-473B-BE05-E3637685EC2C}.Debug|x86.Build.0 = Debug|Any CPU
		{F8FF91F7-C4B1-473B-BE05-E3637685EC2C}.Debug|x86.Deploy.0 = Debug|Any CPU
		{F8FF91F7-C4B1-473B-BE05-E3637685EC2C}.Release|Any CPU.ActiveCfg = Release|Any CPU
		{F8FF91F7-C4B1-473B-BE05-E3637685EC2C}.Release|Any CPU.Build.0 = Release|Any CPU
		{F8FF91F7-C4B1-473B-BE05-E3637685EC2C}.Release|Any CPU.Deploy.0 = Release|Any CPU
		{F8FF91F7-C4B1-473B-BE05-E3637685EC2C}.Release|ARM.ActiveCfg = Release|Any CPU
		{F8FF91F7-C4B1-473B-BE05-E3637685EC2C}.Release|ARM.Build.0 = Release|Any CPU
		{F8FF91F7-C4B1-473B-BE05-E3637685EC2C}.Release|ARM.Deploy.0 = Release|Any CPU
		{F8FF91F7-C4B1-473B-BE05-E3637685EC2C}.Release|iPhone.ActiveCfg = Release|Any CPU
		{F8FF91F7-C4B1-473B-BE05-E3637685EC2C}.Release|iPhone.Build.0 = Release|Any CPU
		{F8FF91F7-C4B1-473B-BE05-E3637685EC2C}.Release|iPhone.Deploy.0 = Release|Any CPU
		{F8FF91F7-C4B1-473B-BE05-E3637685EC2C}.Release|iPhoneSimulator.ActiveCfg = Release|Any CPU
		{F8FF91F7-C4B1-473B-BE05-E3637685EC2C}.Release|iPhoneSimulator.Build.0 = Release|Any CPU
		{F8FF91F7-C4B1-473B-BE05-E3637685EC2C}.Release|iPhoneSimulator.Deploy.0 = Release|Any CPU
		{F8FF91F7-C4B1-473B-BE05-E3637685EC2C}.Release|x64.ActiveCfg = Release|Any CPU
		{F8FF91F7-C4B1-473B-BE05-E3637685EC2C}.Release|x64.Build.0 = Release|Any CPU
		{F8FF91F7-C4B1-473B-BE05-E3637685EC2C}.Release|x64.Deploy.0 = Release|Any CPU
		{F8FF91F7-C4B1-473B-BE05-E3637685EC2C}.Release|x86.ActiveCfg = Release|Any CPU
		{F8FF91F7-C4B1-473B-BE05-E3637685EC2C}.Release|x86.Build.0 = Release|Any CPU
		{F8FF91F7-C4B1-473B-BE05-E3637685EC2C}.Release|x86.Deploy.0 = Release|Any CPU
		{BD7A3942-4D7E-4AE6-A13E-9AD192FA4F1B}.Debug|Any CPU.ActiveCfg = Debug|iPhoneSimulator
		{BD7A3942-4D7E-4AE6-A13E-9AD192FA4F1B}.Debug|Any CPU.Build.0 = Debug|iPhoneSimulator
		{BD7A3942-4D7E-4AE6-A13E-9AD192FA4F1B}.Debug|Any CPU.Deploy.0 = Debug|iPhoneSimulator
		{BD7A3942-4D7E-4AE6-A13E-9AD192FA4F1B}.Debug|ARM.ActiveCfg = Debug|iPhone
		{BD7A3942-4D7E-4AE6-A13E-9AD192FA4F1B}.Debug|iPhone.ActiveCfg = Debug|iPhone
		{BD7A3942-4D7E-4AE6-A13E-9AD192FA4F1B}.Debug|iPhone.Build.0 = Debug|iPhone
		{BD7A3942-4D7E-4AE6-A13E-9AD192FA4F1B}.Debug|iPhone.Deploy.0 = Debug|iPhone
		{BD7A3942-4D7E-4AE6-A13E-9AD192FA4F1B}.Debug|iPhoneSimulator.ActiveCfg = Debug|iPhoneSimulator
		{BD7A3942-4D7E-4AE6-A13E-9AD192FA4F1B}.Debug|iPhoneSimulator.Build.0 = Debug|iPhoneSimulator
		{BD7A3942-4D7E-4AE6-A13E-9AD192FA4F1B}.Debug|iPhoneSimulator.Deploy.0 = Debug|iPhoneSimulator
		{BD7A3942-4D7E-4AE6-A13E-9AD192FA4F1B}.Debug|x64.ActiveCfg = Debug|iPhone
		{BD7A3942-4D7E-4AE6-A13E-9AD192FA4F1B}.Debug|x86.ActiveCfg = Debug|iPhone
		{BD7A3942-4D7E-4AE6-A13E-9AD192FA4F1B}.Release|Any CPU.ActiveCfg = Release|iPhone
		{BD7A3942-4D7E-4AE6-A13E-9AD192FA4F1B}.Release|Any CPU.Build.0 = Release|iPhone
		{BD7A3942-4D7E-4AE6-A13E-9AD192FA4F1B}.Release|Any CPU.Deploy.0 = Release|iPhone
		{BD7A3942-4D7E-4AE6-A13E-9AD192FA4F1B}.Release|ARM.ActiveCfg = Release|iPhoneSimulator
		{BD7A3942-4D7E-4AE6-A13E-9AD192FA4F1B}.Release|iPhone.ActiveCfg = Release|iPhone
		{BD7A3942-4D7E-4AE6-A13E-9AD192FA4F1B}.Release|iPhone.Build.0 = Release|iPhone
		{BD7A3942-4D7E-4AE6-A13E-9AD192FA4F1B}.Release|iPhone.Deploy.0 = Release|iPhone
		{BD7A3942-4D7E-4AE6-A13E-9AD192FA4F1B}.Release|iPhoneSimulator.ActiveCfg = Release|iPhoneSimulator
		{BD7A3942-4D7E-4AE6-A13E-9AD192FA4F1B}.Release|iPhoneSimulator.Build.0 = Release|iPhoneSimulator
		{BD7A3942-4D7E-4AE6-A13E-9AD192FA4F1B}.Release|iPhoneSimulator.Deploy.0 = Release|iPhoneSimulator
		{BD7A3942-4D7E-4AE6-A13E-9AD192FA4F1B}.Release|x64.ActiveCfg = Release|iPhoneSimulator
		{BD7A3942-4D7E-4AE6-A13E-9AD192FA4F1B}.Release|x86.ActiveCfg = Release|iPhoneSimulator
		{83C91053-3769-43F8-B04B-3E4D5586261A}.Debug|Any CPU.ActiveCfg = Debug|Any CPU
		{83C91053-3769-43F8-B04B-3E4D5586261A}.Debug|Any CPU.Build.0 = Debug|Any CPU
		{83C91053-3769-43F8-B04B-3E4D5586261A}.Debug|Any CPU.Deploy.0 = Debug|Any CPU
		{83C91053-3769-43F8-B04B-3E4D5586261A}.Debug|ARM.ActiveCfg = Debug|Any CPU
		{83C91053-3769-43F8-B04B-3E4D5586261A}.Debug|ARM.Build.0 = Debug|Any CPU
		{83C91053-3769-43F8-B04B-3E4D5586261A}.Debug|iPhone.ActiveCfg = Debug|Any CPU
		{83C91053-3769-43F8-B04B-3E4D5586261A}.Debug|iPhone.Build.0 = Debug|Any CPU
		{83C91053-3769-43F8-B04B-3E4D5586261A}.Debug|iPhone.Deploy.0 = Debug|Any CPU
		{83C91053-3769-43F8-B04B-3E4D5586261A}.Debug|iPhoneSimulator.ActiveCfg = Debug|Any CPU
		{83C91053-3769-43F8-B04B-3E4D5586261A}.Debug|iPhoneSimulator.Build.0 = Debug|Any CPU
		{83C91053-3769-43F8-B04B-3E4D5586261A}.Debug|iPhoneSimulator.Deploy.0 = Debug|Any CPU
		{83C91053-3769-43F8-B04B-3E4D5586261A}.Debug|x64.ActiveCfg = Debug|Any CPU
		{83C91053-3769-43F8-B04B-3E4D5586261A}.Debug|x64.Build.0 = Debug|Any CPU
		{83C91053-3769-43F8-B04B-3E4D5586261A}.Debug|x86.ActiveCfg = Debug|Any CPU
		{83C91053-3769-43F8-B04B-3E4D5586261A}.Debug|x86.Build.0 = Debug|Any CPU
		{83C91053-3769-43F8-B04B-3E4D5586261A}.Release|Any CPU.ActiveCfg = Release|Any CPU
		{83C91053-3769-43F8-B04B-3E4D5586261A}.Release|Any CPU.Build.0 = Release|Any CPU
		{83C91053-3769-43F8-B04B-3E4D5586261A}.Release|Any CPU.Deploy.0 = Release|Any CPU
		{83C91053-3769-43F8-B04B-3E4D5586261A}.Release|ARM.ActiveCfg = Release|Any CPU
		{83C91053-3769-43F8-B04B-3E4D5586261A}.Release|ARM.Build.0 = Release|Any CPU
		{83C91053-3769-43F8-B04B-3E4D5586261A}.Release|iPhone.ActiveCfg = Release|Any CPU
		{83C91053-3769-43F8-B04B-3E4D5586261A}.Release|iPhone.Build.0 = Release|Any CPU
		{83C91053-3769-43F8-B04B-3E4D5586261A}.Release|iPhone.Deploy.0 = Release|Any CPU
		{83C91053-3769-43F8-B04B-3E4D5586261A}.Release|iPhoneSimulator.ActiveCfg = Release|Any CPU
		{83C91053-3769-43F8-B04B-3E4D5586261A}.Release|iPhoneSimulator.Build.0 = Release|Any CPU
		{83C91053-3769-43F8-B04B-3E4D5586261A}.Release|iPhoneSimulator.Deploy.0 = Release|Any CPU
		{83C91053-3769-43F8-B04B-3E4D5586261A}.Release|x64.ActiveCfg = Release|Any CPU
		{83C91053-3769-43F8-B04B-3E4D5586261A}.Release|x64.Build.0 = Release|Any CPU
		{83C91053-3769-43F8-B04B-3E4D5586261A}.Release|x86.ActiveCfg = Release|Any CPU
		{83C91053-3769-43F8-B04B-3E4D5586261A}.Release|x86.Build.0 = Release|Any CPU
		{66DD3315-C598-4373-B2F4-2AD2F3F4BCAE}.Debug|Any CPU.ActiveCfg = Debug|Any CPU
		{66DD3315-C598-4373-B2F4-2AD2F3F4BCAE}.Debug|Any CPU.Build.0 = Debug|Any CPU
		{66DD3315-C598-4373-B2F4-2AD2F3F4BCAE}.Debug|ARM.ActiveCfg = Debug|Any CPU
		{66DD3315-C598-4373-B2F4-2AD2F3F4BCAE}.Debug|ARM.Build.0 = Debug|Any CPU
		{66DD3315-C598-4373-B2F4-2AD2F3F4BCAE}.Debug|iPhone.ActiveCfg = Debug|Any CPU
		{66DD3315-C598-4373-B2F4-2AD2F3F4BCAE}.Debug|iPhone.Build.0 = Debug|Any CPU
		{66DD3315-C598-4373-B2F4-2AD2F3F4BCAE}.Debug|iPhoneSimulator.ActiveCfg = Debug|Any CPU
		{66DD3315-C598-4373-B2F4-2AD2F3F4BCAE}.Debug|iPhoneSimulator.Build.0 = Debug|Any CPU
		{66DD3315-C598-4373-B2F4-2AD2F3F4BCAE}.Debug|x64.ActiveCfg = Debug|Any CPU
		{66DD3315-C598-4373-B2F4-2AD2F3F4BCAE}.Debug|x64.Build.0 = Debug|Any CPU
		{66DD3315-C598-4373-B2F4-2AD2F3F4BCAE}.Debug|x86.ActiveCfg = Debug|Any CPU
		{66DD3315-C598-4373-B2F4-2AD2F3F4BCAE}.Debug|x86.Build.0 = Debug|Any CPU
		{66DD3315-C598-4373-B2F4-2AD2F3F4BCAE}.Release|Any CPU.ActiveCfg = Release|Any CPU
		{66DD3315-C598-4373-B2F4-2AD2F3F4BCAE}.Release|Any CPU.Build.0 = Release|Any CPU
		{66DD3315-C598-4373-B2F4-2AD2F3F4BCAE}.Release|ARM.ActiveCfg = Release|Any CPU
		{66DD3315-C598-4373-B2F4-2AD2F3F4BCAE}.Release|ARM.Build.0 = Release|Any CPU
		{66DD3315-C598-4373-B2F4-2AD2F3F4BCAE}.Release|iPhone.ActiveCfg = Release|Any CPU
		{66DD3315-C598-4373-B2F4-2AD2F3F4BCAE}.Release|iPhone.Build.0 = Release|Any CPU
		{66DD3315-C598-4373-B2F4-2AD2F3F4BCAE}.Release|iPhoneSimulator.ActiveCfg = Release|Any CPU
		{66DD3315-C598-4373-B2F4-2AD2F3F4BCAE}.Release|iPhoneSimulator.Build.0 = Release|Any CPU
		{66DD3315-C598-4373-B2F4-2AD2F3F4BCAE}.Release|x64.ActiveCfg = Release|Any CPU
		{66DD3315-C598-4373-B2F4-2AD2F3F4BCAE}.Release|x64.Build.0 = Release|Any CPU
		{66DD3315-C598-4373-B2F4-2AD2F3F4BCAE}.Release|x86.ActiveCfg = Release|Any CPU
		{66DD3315-C598-4373-B2F4-2AD2F3F4BCAE}.Release|x86.Build.0 = Release|Any CPU
		{9347CA02-8054-4D6D-A0F1-7EE760E7A02B}.Debug|Any CPU.ActiveCfg = Debug|Any CPU
		{9347CA02-8054-4D6D-A0F1-7EE760E7A02B}.Debug|Any CPU.Build.0 = Debug|Any CPU
		{9347CA02-8054-4D6D-A0F1-7EE760E7A02B}.Debug|ARM.ActiveCfg = Debug|Any CPU
		{9347CA02-8054-4D6D-A0F1-7EE760E7A02B}.Debug|ARM.Build.0 = Debug|Any CPU
		{9347CA02-8054-4D6D-A0F1-7EE760E7A02B}.Debug|iPhone.ActiveCfg = Debug|Any CPU
		{9347CA02-8054-4D6D-A0F1-7EE760E7A02B}.Debug|iPhone.Build.0 = Debug|Any CPU
		{9347CA02-8054-4D6D-A0F1-7EE760E7A02B}.Debug|iPhoneSimulator.ActiveCfg = Debug|Any CPU
		{9347CA02-8054-4D6D-A0F1-7EE760E7A02B}.Debug|iPhoneSimulator.Build.0 = Debug|Any CPU
		{9347CA02-8054-4D6D-A0F1-7EE760E7A02B}.Debug|x64.ActiveCfg = Debug|Any CPU
		{9347CA02-8054-4D6D-A0F1-7EE760E7A02B}.Debug|x64.Build.0 = Debug|Any CPU
		{9347CA02-8054-4D6D-A0F1-7EE760E7A02B}.Debug|x86.ActiveCfg = Debug|Any CPU
		{9347CA02-8054-4D6D-A0F1-7EE760E7A02B}.Debug|x86.Build.0 = Debug|Any CPU
		{9347CA02-8054-4D6D-A0F1-7EE760E7A02B}.Release|Any CPU.ActiveCfg = Release|Any CPU
		{9347CA02-8054-4D6D-A0F1-7EE760E7A02B}.Release|Any CPU.Build.0 = Release|Any CPU
		{9347CA02-8054-4D6D-A0F1-7EE760E7A02B}.Release|ARM.ActiveCfg = Release|Any CPU
		{9347CA02-8054-4D6D-A0F1-7EE760E7A02B}.Release|ARM.Build.0 = Release|Any CPU
		{9347CA02-8054-4D6D-A0F1-7EE760E7A02B}.Release|iPhone.ActiveCfg = Release|Any CPU
		{9347CA02-8054-4D6D-A0F1-7EE760E7A02B}.Release|iPhone.Build.0 = Release|Any CPU
		{9347CA02-8054-4D6D-A0F1-7EE760E7A02B}.Release|iPhoneSimulator.ActiveCfg = Release|Any CPU
		{9347CA02-8054-4D6D-A0F1-7EE760E7A02B}.Release|iPhoneSimulator.Build.0 = Release|Any CPU
		{9347CA02-8054-4D6D-A0F1-7EE760E7A02B}.Release|x64.ActiveCfg = Release|Any CPU
		{9347CA02-8054-4D6D-A0F1-7EE760E7A02B}.Release|x64.Build.0 = Release|Any CPU
		{9347CA02-8054-4D6D-A0F1-7EE760E7A02B}.Release|x86.ActiveCfg = Release|Any CPU
		{9347CA02-8054-4D6D-A0F1-7EE760E7A02B}.Release|x86.Build.0 = Release|Any CPU
		{7CAB9D6F-0C20-4EF6-8718-1567287435B4}.Debug|Any CPU.ActiveCfg = Debug|Any CPU
		{7CAB9D6F-0C20-4EF6-8718-1567287435B4}.Debug|Any CPU.Build.0 = Debug|Any CPU
		{7CAB9D6F-0C20-4EF6-8718-1567287435B4}.Debug|ARM.ActiveCfg = Debug|Any CPU
		{7CAB9D6F-0C20-4EF6-8718-1567287435B4}.Debug|ARM.Build.0 = Debug|Any CPU
		{7CAB9D6F-0C20-4EF6-8718-1567287435B4}.Debug|iPhone.ActiveCfg = Debug|Any CPU
		{7CAB9D6F-0C20-4EF6-8718-1567287435B4}.Debug|iPhone.Build.0 = Debug|Any CPU
		{7CAB9D6F-0C20-4EF6-8718-1567287435B4}.Debug|iPhoneSimulator.ActiveCfg = Debug|Any CPU
		{7CAB9D6F-0C20-4EF6-8718-1567287435B4}.Debug|iPhoneSimulator.Build.0 = Debug|Any CPU
		{7CAB9D6F-0C20-4EF6-8718-1567287435B4}.Debug|x64.ActiveCfg = Debug|Any CPU
		{7CAB9D6F-0C20-4EF6-8718-1567287435B4}.Debug|x64.Build.0 = Debug|Any CPU
		{7CAB9D6F-0C20-4EF6-8718-1567287435B4}.Debug|x86.ActiveCfg = Debug|Any CPU
		{7CAB9D6F-0C20-4EF6-8718-1567287435B4}.Debug|x86.Build.0 = Debug|Any CPU
		{7CAB9D6F-0C20-4EF6-8718-1567287435B4}.Release|Any CPU.ActiveCfg = Release|Any CPU
		{7CAB9D6F-0C20-4EF6-8718-1567287435B4}.Release|Any CPU.Build.0 = Release|Any CPU
		{7CAB9D6F-0C20-4EF6-8718-1567287435B4}.Release|ARM.ActiveCfg = Release|Any CPU
		{7CAB9D6F-0C20-4EF6-8718-1567287435B4}.Release|ARM.Build.0 = Release|Any CPU
		{7CAB9D6F-0C20-4EF6-8718-1567287435B4}.Release|iPhone.ActiveCfg = Release|Any CPU
		{7CAB9D6F-0C20-4EF6-8718-1567287435B4}.Release|iPhone.Build.0 = Release|Any CPU
		{7CAB9D6F-0C20-4EF6-8718-1567287435B4}.Release|iPhoneSimulator.ActiveCfg = Release|Any CPU
		{7CAB9D6F-0C20-4EF6-8718-1567287435B4}.Release|iPhoneSimulator.Build.0 = Release|Any CPU
		{7CAB9D6F-0C20-4EF6-8718-1567287435B4}.Release|x64.ActiveCfg = Release|Any CPU
		{7CAB9D6F-0C20-4EF6-8718-1567287435B4}.Release|x64.Build.0 = Release|Any CPU
		{7CAB9D6F-0C20-4EF6-8718-1567287435B4}.Release|x86.ActiveCfg = Release|Any CPU
		{7CAB9D6F-0C20-4EF6-8718-1567287435B4}.Release|x86.Build.0 = Release|Any CPU
		{F230DEFE-CDE9-4045-9CD7-21DC1D70BA91}.Debug|Any CPU.ActiveCfg = Debug|Any CPU
		{F230DEFE-CDE9-4045-9CD7-21DC1D70BA91}.Debug|Any CPU.Build.0 = Debug|Any CPU
		{F230DEFE-CDE9-4045-9CD7-21DC1D70BA91}.Debug|ARM.ActiveCfg = Debug|Any CPU
		{F230DEFE-CDE9-4045-9CD7-21DC1D70BA91}.Debug|ARM.Build.0 = Debug|Any CPU
		{F230DEFE-CDE9-4045-9CD7-21DC1D70BA91}.Debug|iPhone.ActiveCfg = Debug|Any CPU
		{F230DEFE-CDE9-4045-9CD7-21DC1D70BA91}.Debug|iPhone.Build.0 = Debug|Any CPU
		{F230DEFE-CDE9-4045-9CD7-21DC1D70BA91}.Debug|iPhoneSimulator.ActiveCfg = Debug|Any CPU
		{F230DEFE-CDE9-4045-9CD7-21DC1D70BA91}.Debug|iPhoneSimulator.Build.0 = Debug|Any CPU
		{F230DEFE-CDE9-4045-9CD7-21DC1D70BA91}.Debug|x64.ActiveCfg = Debug|Any CPU
		{F230DEFE-CDE9-4045-9CD7-21DC1D70BA91}.Debug|x64.Build.0 = Debug|Any CPU
		{F230DEFE-CDE9-4045-9CD7-21DC1D70BA91}.Debug|x86.ActiveCfg = Debug|Any CPU
		{F230DEFE-CDE9-4045-9CD7-21DC1D70BA91}.Debug|x86.Build.0 = Debug|Any CPU
		{F230DEFE-CDE9-4045-9CD7-21DC1D70BA91}.Release|Any CPU.ActiveCfg = Release|Any CPU
		{F230DEFE-CDE9-4045-9CD7-21DC1D70BA91}.Release|Any CPU.Build.0 = Release|Any CPU
		{F230DEFE-CDE9-4045-9CD7-21DC1D70BA91}.Release|ARM.ActiveCfg = Release|Any CPU
		{F230DEFE-CDE9-4045-9CD7-21DC1D70BA91}.Release|ARM.Build.0 = Release|Any CPU
		{F230DEFE-CDE9-4045-9CD7-21DC1D70BA91}.Release|iPhone.ActiveCfg = Release|Any CPU
		{F230DEFE-CDE9-4045-9CD7-21DC1D70BA91}.Release|iPhone.Build.0 = Release|Any CPU
		{F230DEFE-CDE9-4045-9CD7-21DC1D70BA91}.Release|iPhoneSimulator.ActiveCfg = Release|Any CPU
		{F230DEFE-CDE9-4045-9CD7-21DC1D70BA91}.Release|iPhoneSimulator.Build.0 = Release|Any CPU
		{F230DEFE-CDE9-4045-9CD7-21DC1D70BA91}.Release|x64.ActiveCfg = Release|Any CPU
		{F230DEFE-CDE9-4045-9CD7-21DC1D70BA91}.Release|x64.Build.0 = Release|Any CPU
		{F230DEFE-CDE9-4045-9CD7-21DC1D70BA91}.Release|x86.ActiveCfg = Release|Any CPU
		{F230DEFE-CDE9-4045-9CD7-21DC1D70BA91}.Release|x86.Build.0 = Release|Any CPU
	EndGlobalSection
	GlobalSection(SolutionProperties) = preSolution
		HideSolutionNode = FALSE
	EndGlobalSection
	GlobalSection(ExtensibilityGlobals) = postSolution
		SolutionGuid = {F135FDA7-7077-4C5C-A388-EEB66CDF0C85}
	EndGlobalSection
EndGlobal
